C63_EMPTYFIX_EXACT_NATIVE_AND_COMPLETE_FULLREG_PASS
SHA256=e2d9c410644f5a366cd56e0f4d6912fcab63cc978c910451557bf6abdf1ee778
PUBLIC_FILE=SigProcDll-64HF.dll
CORE_FILE=SigProcDll-64HF.core.dll
CORE_SHA256=56c02d18a9ee68a7ae14c4601e4ba24f7af170c6db01ea21fbff91cbe6b082fb
WINDOWS_RUN=31324361668
PE32_X86=PASS
EXPORTS=PASS
INNER_OUTER_LOADER=PASS
REAL_NONZERO_BASELINE=PASS
SEQ_TARGETS_VITAL_SUPPRESSION_RECOVERY=PASS
LONG_STABILITY_20000=PASS
TWO_THREAD_2X2000=PASS
FULL_13_GHF=PASS
GHF_COUNT=13
GHF_BYTES=82484656
FULL_FRAMES=10808
FULL_SAMPLES=6853006
DETERMINISTIC_REPLAY=PASS
REALTIME_1HZ_60=PASS
PERFORMANCE_AVG_MS=61.465118
PERFORMANCE_LE_100MS=PASS
EMPTY_METRIC=sum(max-min over four int16 lanes)
EMPTY_THRESHOLD=<300
EMPTY_CONFIRM_FRAMES=3
CORPUS_OCCUPIED_MIN_RANGE_SUM=352
CORPUS_EMPTY_STABLE_MAX_RANGE_SUM=278
